
Microsoft Visual Studio Solution File, Format Version 12.00
# Visual Studio Version 17
VisualStudioVersion = 17.2.32616.157
MinimumVisualStudioVersion = 10.0.40219.1
Project("{9A19103F-16F7-4668-BE54-9A1E7A4F7556}") = "TaxCalculator.Pay", "TaxCalculator.Pay\TaxCalculator.Pay.csproj", "{E63135B1-C549-48AD-9286-0211AA143B3B}"
EndProject
Project("{9A19103F-16F7-4668-BE54-9A1E7A4F7556}") = "TaxCalculator.Test", "TaxCalculator.Test\TaxCalculator.Test.csproj", "{6C12CFDD-01EC-407E-8588-9FDDC3D584C8}"
EndProject
Project("{2150E333-8FDC-42A3-9474-1A3956D46DE8}") = "Src", "Src", "{B5DC1CED-8830-4077-A161-646F6F070C23}"
EndProject
Project("{2150E333-8FDC-42A3-9474-1A3956D46DE8}") = "Tests", "Tests", "{69D96713-B5FD-4AAE-8B84-86D965FCE7FD}"
EndProject
Project("{9A19103F-16F7-4668-BE54-9A1E7A4F7556}") = "CompositeDesignPattern", "CompositeDesignPattern\CompositeDesignPattern.csproj", "{2E9FE053-7FEB-448A-A602-07E97B924B42}"
EndProject
Project("{9A19103F-16F7-4668-BE54-9A1E7A4F7556}") = "CompositeDesignPattern.Client", "CompositeDesignPattern.Client\CompositeDesignPattern.Client.csproj", "{101000A5-A620-4B69-BD74-A697C857D6DE}"
EndProject
Project("{9A19103F-16F7-4668-BE54-9A1E7A4F7556}") = "CommandDesignPattern", "CommandDesignPattern\CommandDesignPattern.csproj", "{C1ACB7DC-465E-47B3-939C-88F972591A4D}"
EndProject
Project("{9A19103F-16F7-4668-BE54-9A1E7A4F7556}") = "EShop-DataAccess", "EShop-DataAccess\EShop-DataAccess.csproj", "{50E5C60B-59DE-4C64-8CCE-F14D6ECB3CC0}"
EndProject
Project("{FAE04EC0-301F-11D3-BF4B-00C04F79EFBC}") = "MediatorDesignPattern", "MediatorDesignPattern\MediatorDesignPattern.csproj", "{8AC703E8-5013-4C8D-8268-3FA9E86FD73A}"
EndProject
Global
	GlobalSection(SolutionConfigurationPlatforms) = preSolution
		Debug|Any CPU = Debug|Any CPU
		Release|Any CPU = Release|Any CPU
	EndGlobalSection
	GlobalSection(ProjectConfigurationPlatforms) = postSolution
		{E63135B1-C549-48AD-9286-0211AA143B3B}.Debug|Any CPU.ActiveCfg = Debug|Any CPU
		{E63135B1-C549-48AD-9286-0211AA143B3B}.Debug|Any CPU.Build.0 = Debug|Any CPU
		{E63135B1-C549-48AD-9286-0211AA143B3B}.Release|Any CPU.ActiveCfg = Release|Any CPU
		{E63135B1-C549-48AD-9286-0211AA143B3B}.Release|Any CPU.Build.0 = Release|Any CPU
		{6C12CFDD-01EC-407E-8588-9FDDC3D584C8}.Debug|Any CPU.ActiveCfg = Debug|Any CPU
		{6C12CFDD-01EC-407E-8588-9FDDC3D584C8}.Debug|Any CPU.Build.0 = Debug|Any CPU
		{6C12CFDD-01EC-407E-8588-9FDDC3D584C8}.Release|Any CPU.ActiveCfg = Release|Any CPU
		{6C12CFDD-01EC-407E-8588-9FDDC3D584C8}.Release|Any CPU.Build.0 = Release|Any CPU
		{2E9FE053-7FEB-448A-A602-07E97B924B42}.Debug|Any CPU.ActiveCfg = Debug|Any CPU
		{2E9FE053-7FEB-448A-A602-07E97B924B42}.Debug|Any CPU.Build.0 = Debug|Any CPU
		{2E9FE053-7FEB-448A-A602-07E97B924B42}.Release|Any CPU.ActiveCfg = Release|Any CPU
		{2E9FE053-7FEB-448A-A602-07E97B924B42}.Release|Any CPU.Build.0 = Release|Any CPU
		{101000A5-A620-4B69-BD74-A697C857D6DE}.Debug|Any CPU.ActiveCfg = Debug|Any CPU
		{101000A5-A620-4B69-BD74-A697C857D6DE}.Debug|Any CPU.Build.0 = Debug|Any CPU
		{101000A5-A620-4B69-BD74-A697C857D6DE}.Release|Any CPU.ActiveCfg = Release|Any CPU
		{101000A5-A620-4B69-BD74-A697C857D6DE}.Release|Any CPU.Build.0 = Release|Any CPU
		{C1ACB7DC-465E-47B3-939C-88F972591A4D}.Debug|Any CPU.ActiveCfg = Debug|Any CPU
		{C1ACB7DC-465E-47B3-939C-88F972591A4D}.Debug|Any CPU.Build.0 = Debug|Any CPU
		{C1ACB7DC-465E-47B3-939C-88F972591A4D}.Release|Any CPU.ActiveCfg = Release|Any CPU
		{C1ACB7DC-465E-47B3-939C-88F972591A4D}.Release|Any CPU.Build.0 = Release|Any CPU
		{50E5C60B-59DE-4C64-8CCE-F14D6ECB3CC0}.Debug|Any CPU.ActiveCfg = Debug|Any CPU
		{50E5C60B-59DE-4C64-8CCE-F14D6ECB3CC0}.Debug|Any CPU.Build.0 = Debug|Any CPU
		{50E5C60B-59DE-4C64-8CCE-F14D6ECB3CC0}.Release|Any CPU.ActiveCfg = Release|Any CPU
		{50E5C60B-59DE-4C64-8CCE-F14D6ECB3CC0}.Release|Any CPU.Build.0 = Release|Any CPU
		{8AC703E8-5013-4C8D-8268-3FA9E86FD73A}.Debug|Any CPU.ActiveCfg = Debug|Any CPU
		{8AC703E8-5013-4C8D-8268-3FA9E86FD73A}.Debug|Any CPU.Build.0 = Debug|Any CPU
		{8AC703E8-5013-4C8D-8268-3FA9E86FD73A}.Release|Any CPU.ActiveCfg = Release|Any CPU
		{8AC703E8-5013-4C8D-8268-3FA9E86FD73A}.Release|Any CPU.Build.0 = Release|Any CPU
	EndGlobalSection
	GlobalSection(SolutionProperties) = preSolution
		HideSolutionNode = FALSE
	EndGlobalSection
	GlobalSection(NestedProjects) = preSolution
		{E63135B1-C549-48AD-9286-0211AA143B3B} = {B5DC1CED-8830-4077-A161-646F6F070C23}
		{6C12CFDD-01EC-407E-8588-9FDDC3D584C8} = {69D96713-B5FD-4AAE-8B84-86D965FCE7FD}
		{2E9FE053-7FEB-448A-A602-07E97B924B42} = {B5DC1CED-8830-4077-A161-646F6F070C23}
		{101000A5-A620-4B69-BD74-A697C857D6DE} = {B5DC1CED-8830-4077-A161-646F6F070C23}
		{C1ACB7DC-465E-47B3-939C-88F972591A4D} = {B5DC1CED-8830-4077-A161-646F6F070C23}
		{50E5C60B-59DE-4C64-8CCE-F14D6ECB3CC0} = {B5DC1CED-8830-4077-A161-646F6F070C23}
		{8AC703E8-5013-4C8D-8268-3FA9E86FD73A} = {B5DC1CED-8830-4077-A161-646F6F070C23}
	EndGlobalSection
	GlobalSection(ExtensibilityGlobals) = postSolution
		SolutionGuid = {A3EE0440-E711-4F3D-BA8F-5E5709BC7B77}
	EndGlobalSection
EndGlobal
